// !$*UTF8*$!
{
	archiveVersion = 1;
	classes = {
	};
	objectVersion = 46;
	objects = {

/* Begin PBXBuildFile section */
		65FD357814FC469B00094A07 /* main.cpp in Sources */ = {isa = PBXBuildFile; fileRef = 65FD357714FC469B00094A07 /* main.cpp */; };
		65FD357A14FC469B00094A07 /* TestGit.1 in CopyFiles */ = {isa = PBXBuildFile; fileRef = 65FD357914FC469B00094A07 /* TestGit.1 */; };
/* End PBXBuildFile section */

/* Begin PBXCopyFilesBuildPhase section */
		65FD357114FC469B00094A07 /* CopyFiles */ = {
			isa = PBXCopyFilesBuildPhase;
			buildActionMask = 2147483647;
			dstPath = /usr/share/man/man1/;
			dstSubfolderSpec = 0;
			files = (
				65FD357A14FC469B00094A07 /* TestGit.1 in CopyFiles */,
			);
			runOnlyForDeploymentPostprocessing = 1;
		};
/* End PBXCopyFilesBuildPhase section */

/* Begin PBXFileReference section */
		65FD357314FC469B00094A07 /* TestGit */ = {isa = PBXFileReference; explicitFileType = "compiled.mach-o.executable"; includeInIndex = 0; path = TestGit; sourceTree = BUILT_PRODUCTS_DIR; };
		65FD357714FC469B00094A07 /* main.cpp */ = {isa = PBXFileReference; lastKnownFileType = sourcecode.cpp.cpp; path = main.cpp; sourceTree = "<group>"; };
		65FD357914FC469B00094A07 /* TestGit.1 */ = {isa = PBXFileReference; lastKnownFileType = text.man; path = TestGit.1; sourceTree = "<group>"; };
/* End PBXFileReference section */

/* Begin PBXFrameworksBuildPhase section */
		65FD357014FC469B00094A07 /* Frameworks */ = {
			isa = PBXFrameworksBuildPhase;
			buildActionMask = 2147483647;
			files = (
			);
			runOnlyForDeploymentPostprocessing = 0;
		};
/* End PBXFrameworksBuildPhase section */

/* Begin PBXGroup section */
		65FD356814FC469B00094A07 = {
			isa = PBXGroup;
			children = (
				65FD357614FC469B00094A07 /* TestGit */,
				65FD357414FC469B00094A07 /* Products */,
			);
			sourceTree = "<group>";
		};
		65FD357414FC469B00094A07 /* Products */ = {
			isa = PBXGroup;
			children = (
				65FD357314FC469B00094A07 /* TestGit */,
			);
			name = Products;
			sourceTree = "<group>";
		};
		65FD357614FC469B00094A07 /* TestGit */ = {
			isa = PBXGroup;
			children = (
				65FD357714FC469B00094A07 /* main.cpp */,
				65FD357914FC469B00094A07 /* TestGit.1 */,
			);
			path = TestGit;
			sourceTree = "<group>";
		};
/* End PBXGroup section */

/* Begin PBXNativeTarget section */
		65FD357214FC469B00094A07 /* TestGit */ = {
			isa = PBXNativeTarget;
			buildConfigurationList = 65FD357D14FC469B00094A07 /* Build configuration list for PBXNativeTarget "TestGit" */;
			buildPhases = (
				65FD356F14FC469B00094A07 /* Sources */,
				65FD357014FC469B00094A07 /* Frameworks */,
				65FD357114FC469B00094A07 /* CopyFiles */,
			);
			buildRules = (
			);
			dependencies = (
			);
			name = TestGit;
			productName = TestGit;
			productReference = 65FD357314FC469B00094A07 /* TestGit */;
			productType = "com.apple.product-type.tool";
		};
/* End PBXNativeTarget section */

/* Begin PBXProject section */
		65FD356A14FC469B00094A07 /* Project object */ = {
			isa = PBXProject;
			attributes = {
				LastUpgradeCheck = 0420;
			};
			buildConfigurationList = 65FD356D14FC469B00094A07 /* Build configuration list for PBXProject "TestGit" */;
			compatibilityVersion = "Xcode 3.2";
			developmentRegion = English;
			hasScannedForEncodings = 0;
			knownRegions = (
				en,
			);
			mainGroup = 65FD356814FC469B00094A07;
			productRefGroup = 65FD357414FC469B00094A07 /* Products */;
			projectDirPath = "";
			projectRoot = "";
			targets = (
				65FD357214FC469B00094A07 /* TestGit */,
			);
		};
/* End PBXProject section */

/* Begin PBXSourcesBuildPhase section */
		65FD356F14FC469B00094A07 /* Sources */ = {
			isa = PBXSourcesBuildPhase;
			buildActionMask = 2147483647;
			files = (
				65FD357814FC469B00094A07 /* main.cpp in Sources */,
			);
			runOnlyForDeploymentPostprocessing = 0;
		};
/* End PBXSourcesBuildPhase section */

/* Begin XCBuildConfiguration section */
		65FD357B14FC469B00094A07 /* Debug */ = {
			isa = XCBuildConfiguration;
			buildSettings = {
				ALWAYS_SEARCH_USER_PATHS = NO;
				ARCHS = "$(ARCHS_STANDARD_64_BIT)";
				CLANG_ENABLE_OBJC_ARC = YES;
				COPY_PHASE_STRIP = NO;
				GCC_C_LANGUAGE_STANDARD = gnu99;
				GCC_DYNAMIC_NO_PIC = NO;
				GCC_ENABLE_OBJC_EXCEPTIONS = YES;
				GCC_OPTIMIZATION_LEVEL = 0;
				GCC_PREPROCESSOR_DEFINITIONS = (
					"DEBUG=1",
					"$(inherited)",
				);
				GCC_SYMBOLS_PRIVATE_EXTERN = NO;
				GCC_VERSION = com.apple.compilers.llvm.clang.1_0;
				GCC_WARN_64_TO_32_BIT_CONVERSION = YES;
				GCC_WARN_ABOUT_MISSING_PROTOTYPES = YES;
				GCC_WARN_ABOUT_RETURN_TYPE = YES;
				GCC_WARN_UNUSED_VARIABLE = YES;
				MACOSX_DEPLOYMENT_TARGET = 10.7;
				ONLY_ACTIVE_ARCH = YES;
				SDKROOT = macosx;
			};
			name = Debug;
		};
		65FD357C14FC469B00094A07 /* Release */ = {
			isa = XCBuildConfiguration;
			buildSettings = {
				ALWAYS_SEARCH_USER_PATHS = NO;
				ARCHS = "$(ARCHS_STANDARD_64_BIT)";
				CLANG_ENABLE_OBJC_ARC = YES;
				COPY_PHASE_STRIP = YES;
				DEBUG_INFORMATION_FORMAT = "dwarf-with-dsym";
				GCC_C_LANGUAGE_STANDARD = gnu99;
				GCC_ENABLE_OBJC_EXCEPTIONS = YES;
				GCC_VERSION = com.apple.compilers.llvm.clang.1_0;
				GCC_WARN_64_TO_32_BIT_CONVERSION = YES;
				GCC_WARN_ABOUT_MISSING_PROTOTYPES = YES;
				GCC_WARN_ABOUT_RETURN_TYPE = YES;
				GCC_WARN_UNUSED_VARIABLE = YES;
				MACOSX_DEPLOYMENT_TARGET = 10.7;
				SDKROOT = macosx;
			};
			name = Release;
		};
		65FD357E14FC469B00094A07 /* Debug */ = {
			isa = XCBuildConfiguration;
			buildSettings = {
				PRODUCT_NAME = "$(TARGET_NAME)";
			};
			name = Debug;
		};
		65FD357F14FC469B00094A07 /* Release */ = {
			isa = XCBuildConfiguration;
			buildSettings = {
				PRODUCT_NAME = "$(TARGET_NAME)";
			};
			name = Release;
		};
/* End XCBuildConfiguration section */

/* Begin XCConfigurationList section */
		65FD356D14FC469B00094A07 /* Build configuration list for PBXProject "TestGit" */ = {
			isa = XCConfigurationList;
			buildConfigurations = (
				65FD357B14FC469B00094A07 /* Debug */,
				65FD357C14FC469B00094A07 /* Release */,
			);
			defaultConfigurationIsVisible = 0;
			defaultConfigurationName = Release;
		};
		65FD357D14FC469B00094A07 /* Build configuration list for PBXNativeTarget "TestGit" */ = {
			isa = XCConfigurationList;
			buildConfigurations = (
				65FD357E14FC469B00094A07 /* Debug */,
				65FD357F14FC469B00094A07 /* Release */,
			);
			defaultConfigurationIsVisible = 0;
		};
/* End XCConfigurationList section */
	};
	rootObject = 65FD356A14FC469B00094A07 /* Project object */;
}
